// !$*UTF8*$!
{
	archiveVersion = 1;
	classes = {
	};
	objectVersion = 56;
	objects = {

/* Begin PBXBuildFile section */
		4698B6552CB690DC00014ADE /* TaxiAppApp.swift in Sources */ = {isa = PBXBuildFile; fileRef = 4698B6542CB690DC00014ADE /* TaxiAppApp.swift */; };
		4698B6572CB690DC00014ADE /* ContentView.swift in Sources */ = {isa = PBXBuildFile; fileRef = 4698B6562CB690DC00014ADE /* ContentView.swift */; };
		4698B6592CB690DD00014ADE /* Assets.xcassets in Resources */ = {isa = PBXBuildFile; fileRef = 4698B6582CB690DD00014ADE /* Assets.xcassets */; };
		4698B65C2CB690DD00014ADE /* Preview Assets.xcassets in Resources */ = {isa = PBXBuildFile; fileRef = 4698B65B2CB690DD00014ADE /* Preview Assets.xcassets */; };
		4698B66B2CB692AC00014ADE /* UIExtension.swift in Sources */ = {isa = PBXBuildFile; fileRef = 4698B66A2CB692AC00014ADE /* UIExtension.swift */; };
/* End PBXBuildFile section */

/* Begin PBXFileReference section */
		4698B6512CB690DC00014ADE /* TaxiApp.app */ = {isa = PBXFileReference; explicitFileType = wrapper.application; includeInIndex = 0; path = TaxiApp.app; sourceTree = BUILT_PRODUCTS_DIR; };
		4698B6542CB690DC00014ADE /* TaxiAppApp.swift */ = {isa = PBXFileReference; lastKnownFileType = sourcecode.swift; path = TaxiAppApp.swift; sourceTree = "<group>"; };
		4698B6562CB690DC00014ADE /* ContentView.swift */ = {isa = PBXFileReference; lastKnownFileType = sourcecode.swift; path = ContentView.swift; sourceTree = "<group>"; };
		4698B6582CB690DD00014ADE /* Assets.xcassets */ = {isa = PBXFileReference; lastKnownFileType = folder.assetcatalog; path = Assets.xcassets; sourceTree = "<group>"; };
		4698B65B2CB690DD00014ADE /* Preview Assets.xcassets */ = {isa = PBXFileReference; lastKnownFileType = folder.assetcatalog; path = "Preview Assets.xcassets"; sourceTree = "<group>"; };
		4698B6632CB6917500014ADE /* NunitoSans-Bold.ttf */ = {isa = PBXFileReference; lastKnownFileType = file; name = "NunitoSans-Bold.ttf"; path = "../../../../../../Downloads/NunitoSans-Bold.ttf"; sourceTree = "<group>"; };
		4698B6642CB6918500014ADE /* NunitoSans-ExtraBold.ttf */ = {isa = PBXFileReference; lastKnownFileType = file; name = "NunitoSans-ExtraBold.ttf"; path = "../../../../../../Downloads/NunitoSans-ExtraBold.ttf"; sourceTree = "<group>"; };
		4698B6652CB6919700014ADE /* NunitoSans-Medium.ttf */ = {isa = PBXFileReference; lastKnownFileType = file; name = "NunitoSans-Medium.ttf"; path = "../../../../../../Downloads/NunitoSans-Medium.ttf"; sourceTree = "<group>"; };
		4698B6662CB691A500014ADE /* NunitoSans-Regular.ttf */ = {isa = PBXFileReference; lastKnownFileType = file; name = "NunitoSans-Regular.ttf"; path = "../../../../../../Downloads/NunitoSans-Regular.ttf"; sourceTree = "<group>"; };
		4698B6672CB691B800014ADE /* NunitoSans-SemiBold.ttf */ = {isa = PBXFileReference; lastKnownFileType = file; name = "NunitoSans-SemiBold.ttf"; path = "../../../../../../Downloads/NunitoSans-SemiBold.ttf"; sourceTree = "<group>"; };
		4698B66A2CB692AC00014ADE /* UIExtension.swift */ = {isa = PBXFileReference; lastKnownFileType = sourcecode.swift; path = UIExtension.swift; sourceTree = "<group>"; };
		4698B66C2CB6937000014ADE /* taxi-app-Info.plist */ = {isa = PBXFileReference; lastKnownFileType = text.plist.xml; path = "taxi-app-Info.plist"; sourceTree = "<group>"; };
/* End PBXFileReference section */

/* Begin PBXFrameworksBuildPhase section */
		4698B64E2CB690DC00014ADE /* Frameworks */ = {
			isa = PBXFrameworksBuildPhase;
			buildActionMask = 2147483647;
			files = (
			);
			runOnlyForDeploymentPostprocessing = 0;
		};
/* End PBXFrameworksBuildPhase section */

/* Begin PBXGroup section */
		4698B6482CB690DC00014ADE = {
			isa = PBXGroup;
			children = (
				4698B6532CB690DC00014ADE /* TaxiApp */,
				4698B6522CB690DC00014ADE /* Products */,
			);
			sourceTree = "<group>";
		};
		4698B6522CB690DC00014ADE /* Products */ = {
			isa = PBXGroup;
			children = (
				4698B6512CB690DC00014ADE /* TaxiApp.app */,
			);
			name = Products;
			sourceTree = "<group>";
		};
		4698B6532CB690DC00014ADE /* TaxiApp */ = {
			isa = PBXGroup;
			children = (
				4698B66C2CB6937000014ADE /* taxi-app-Info.plist */,
				4698B66F2CB694F200014ADE /* Model */,
				4698B66E2CB694EC00014ADE /* ViewModel */,
				4698B66D2CB694E800014ADE /* View */,
				4698B6692CB6929700014ADE /* Common */,
				4698B6682CB6927900014ADE /* UICommon */,
				4698B6622CB6916100014ADE /* Fonts */,
				4698B6542CB690DC00014ADE /* TaxiAppApp.swift */,
				4698B6562CB690DC00014ADE /* ContentView.swift */,
				4698B6582CB690DD00014ADE /* Assets.xcassets */,
				4698B65A2CB690DD00014ADE /* Preview Content */,
			);
			path = TaxiApp;
			sourceTree = "<group>";
		};
		4698B65A2CB690DD00014ADE /* Preview Content */ = {
			isa = PBXGroup;
			children = (
				4698B65B2CB690DD00014ADE /* Preview Assets.xcassets */,
			);
			path = "Preview Content";
			sourceTree = "<group>";
		};
		4698B6622CB6916100014ADE /* Fonts */ = {
			isa = PBXGroup;
			children = (
				4698B6632CB6917500014ADE /* NunitoSans-Bold.ttf */,
				4698B6642CB6918500014ADE /* NunitoSans-ExtraBold.ttf */,
				4698B6652CB6919700014ADE /* NunitoSans-Medium.ttf */,
				4698B6662CB691A500014ADE /* NunitoSans-Regular.ttf */,
				4698B6672CB691B800014ADE /* NunitoSans-SemiBold.ttf */,
			);
			path = Fonts;
			sourceTree = "<group>";
		};
		4698B6682CB6927900014ADE /* UICommon */ = {
			isa = PBXGroup;
			children = (
				4698B66A2CB692AC00014ADE /* UIExtension.swift */,
			);
			path = UICommon;
			sourceTree = "<group>";
		};
		4698B6692CB6929700014ADE /* Common */ = {
			isa = PBXGroup;
			children = (
			);
			path = Common;
			sourceTree = "<group>";
		};
		4698B66D2CB694E800014ADE /* View */ = {
			isa = PBXGroup;
			children = (
			);
			path = View;
			sourceTree = "<group>";
		};
		4698B66E2CB694EC00014ADE /* ViewModel */ = {
			isa = PBXGroup;
			children = (
			);
			path = ViewModel;
			sourceTree = "<group>";
		};
		4698B66F2CB694F200014ADE /* Model */ = {
			isa = PBXGroup;
			children = (
			);
			path = Model;
			sourceTree = "<group>";
		};
/* End PBXGroup section */

/* Begin PBXNativeTarget section */
		4698B6502CB690DC00014ADE /* TaxiApp */ = {
			isa = PBXNativeTarget;
			buildConfigurationList = 4698B65F2CB690DD00014ADE /* Build configuration list for PBXNativeTarget "TaxiApp" */;
			buildPhases = (
				4698B64D2CB690DC00014ADE /* Sources */,
				4698B64E2CB690DC00014ADE /* Frameworks */,
				4698B64F2CB690DC00014ADE /* Resources */,
			);
			buildRules = (
			);
			dependencies = (
			);
			name = TaxiApp;
			productName = TaxiApp;
			productReference = 4698B6512CB690DC00014ADE /* TaxiApp.app */;
			productType = "com.apple.product-type.application";
		};
/* End PBXNativeTarget section */

/* Begin PBXProject section */
		4698B6492CB690DC00014ADE /* Project object */ = {
			isa = PBXProject;
			attributes = {
				BuildIndependentTargetsInParallel = 1;
				LastSwiftUpdateCheck = 1540;
				LastUpgradeCheck = 1540;
				TargetAttributes = {
					4698B6502CB690DC00014ADE = {
						CreatedOnToolsVersion = 15.4;
					};
				};
			};
			buildConfigurationList = 4698B64C2CB690DC00014ADE /* Build configuration list for PBXProject "TaxiApp" */;
			compatibilityVersion = "Xcode 14.0";
			developmentRegion = en;
			hasScannedForEncodings = 0;
			knownRegions = (
				en,
				Base,
			);
			mainGroup = 4698B6482CB690DC00014ADE;
			productRefGroup = 4698B6522CB690DC00014ADE /* Products */;
			projectDirPath = "";
			projectRoot = "";
			targets = (
				4698B6502CB690DC00014ADE /* TaxiApp */,
			);
		};
/* End PBXProject section */

/* Begin PBXResourcesBuildPhase section */
		4698B64F2CB690DC00014ADE /* Resources */ = {
			isa = PBXResourcesBuildPhase;
			buildActionMask = 2147483647;
			files = (
				4698B65C2CB690DD00014ADE /* Preview Assets.xcassets in Resources */,
				4698B6592CB690DD00014ADE /* Assets.xcassets in Resources */,
			);
			runOnlyForDeploymentPostprocessing = 0;
		};
/* End PBXResourcesBuildPhase section */

/* Begin PBXSourcesBuildPhase section */
		4698B64D2CB690DC00014ADE /* Sources */ = {
			isa = PBXSourcesBuildPhase;
			buildActionMask = 2147483647;
			files = (
				4698B6572CB690DC00014ADE /* ContentView.swift in Sources */,
				4698B66B2CB692AC00014ADE /* UIExtension.swift in Sources */,
				4698B6552CB690DC00014ADE /* TaxiAppApp.swift in Sources */,
			);
			runOnlyForDeploymentPostprocessing = 0;
		};
/* End PBXSourcesBuildPhase section */

/* Begin XCBuildConfiguration section */
		4698B65D2CB690DD00014ADE /* Debug */ = {
			isa = XCBuildConfiguration;
			buildSettings = {
				ALWAYS_SEARCH_USER_PATHS = NO;
				ASSETCATALOG_COMPILER_GENERATE_SWIFT_ASSET_SYMBOL_EXTENSIONS = YES;
				CLANG_ANALYZER_NONNULL = YES;
				CLANG_ANALYZER_NUMBER_OBJECT_CONVERSION = YES_AGGRESSIVE;
				CLANG_CXX_LANGUAGE_STANDARD = "gnu++20";
				CLANG_ENABLE_MODULES = YES;
				CLANG_ENABLE_OBJC_ARC = YES;
				CLANG_ENABLE_OBJC_WEAK = YES;
				CLANG_WARN_BLOCK_CAPTURE_AUTORELEASING = YES;
				CLANG_WARN_BOOL_CONVERSION = YES;
				CLANG_WARN_COMMA = YES;
				CLANG_WARN_CONSTANT_CONVERSION = YES;
				CLANG_WARN_DEPRECATED_OBJC_IMPLEMENTATIONS = YES;
				CLANG_WARN_DIRECT_OBJC_ISA_USAGE = YES_ERROR;
				CLANG_WARN_DOCUMENTATION_COMMENTS = YES;
				CLANG_WARN_EMPTY_BODY = YES;
				CLANG_WARN_ENUM_CONVERSION = YES;
				CLANG_WARN_INFINITE_RECURSION = YES;
				CLANG_WARN_INT_CONVERSION = YES;
				CLANG_WARN_NON_LITERAL_NULL_CONVERSION = YES;
				CLANG_WARN_OBJC_IMPLICIT_RETAIN_SELF = YES;
				CLANG_WARN_OBJC_LITERAL_CONVERSION = YES;
				CLANG_WARN_OBJC_ROOT_CLASS = YES_ERROR;
				CLANG_WARN_QUOTED_INCLUDE_IN_FRAMEWORK_HEADER = YES;
				CLANG_WARN_RANGE_LOOP_ANALYSIS = YES;
				CLANG_WARN_STRICT_PROTOTYPES = YES;
				CLANG_WARN_SUSPICIOUS_MOVE = YES;
				CLANG_WARN_UNGUARDED_AVAILABILITY = YES_AGGRESSIVE;
				CLANG_WARN_UNREACHABLE_CODE = YES;
				CLANG_WARN__DUPLICATE_METHOD_MATCH = YES;
				COPY_PHASE_STRIP = NO;
				DEBUG_INFORMATION_FORMAT = dwarf;
				ENABLE_STRICT_OBJC_MSGSEND = YES;
				ENABLE_TESTABILITY = YES;
				ENABLE_USER_SCRIPT_SANDBOXING = YES;
				GCC_C_LANGUAGE_STANDARD = gnu17;
				GCC_DYNAMIC_NO_PIC = NO;
				GCC_NO_COMMON_BLOCKS = YES;
				GCC_OPTIMIZATION_LEVEL = 0;
				GCC_PREPROCESSOR_DEFINITIONS = (
					"DEBUG=1",
					"$(inherited)",
				);
				GCC_WARN_64_TO_32_BIT_CONVERSION = YES;
				GCC_WARN_ABOUT_RETURN_TYPE = YES_ERROR;
				GCC_WARN_UNDECLARED_SELECTOR = YES;
				GCC_WARN_UNINITIALIZED_AUTOS = YES_AGGRESSIVE;
				GCC_WARN_UNUSED_FUNCTION = YES;
				GCC_WARN_UNUSED_VARIABLE = YES;
				IPHONEOS_DEPLOYMENT_TARGET = 17.5;
				LOCALIZATION_PREFERS_STRING_CATALOGS = YES;
				MTL_ENABLE_DEBUG_INFO = INCLUDE_SOURCE;
				MTL_FAST_MATH = YES;
				ONLY_ACTIVE_ARCH = YES;
				SDKROOT = iphoneos;
				SWIFT_ACTIVE_COMPILATION_CONDITIONS = "DEBUG $(inherited)";
				SWIFT_OPTIMIZATION_LEVEL = "-Onone";
			};
			name = Debug;
		};
		4698B65E2CB690DD00014ADE /* Release */ = {
			isa = XCBuildConfiguration;
			buildSettings = {
				ALWAYS_SEARCH_USER_PATHS = NO;
				ASSETCATALOG_COMPILER_GENERATE_SWIFT_ASSET_SYMBOL_EXTENSIONS = YES;
				CLANG_ANALYZER_NONNULL = YES;
				CLANG_ANALYZER_NUMBER_OBJECT_CONVERSION = YES_AGGRESSIVE;
				CLANG_CXX_LANGUAGE_STANDARD = "gnu++20";
				CLANG_ENABLE_MODULES = YES;
				CLANG_ENABLE_OBJC_ARC = YES;
				CLANG_ENABLE_OBJC_WEAK = YES;
				CLANG_WARN_BLOCK_CAPTURE_AUTORELEASING = YES;
				CLANG_WARN_BOOL_CONVERSION = YES;
				CLANG_WARN_COMMA = YES;
				CLANG_WARN_CONSTANT_CONVERSION = YES;
				CLANG_WARN_DEPRECATED_OBJC_IMPLEMENTATIONS = YES;
				CLANG_WARN_DIRECT_OBJC_ISA_USAGE = YES_ERROR;
				CLANG_WARN_DOCUMENTATION_COMMENTS = YES;
				CLANG_WARN_EMPTY_BODY = YES;
				CLANG_WARN_ENUM_CONVERSION = YES;
				CLANG_WARN_INFINITE_RECURSION = YES;
				CLANG_WARN_INT_CONVERSION = YES;
				CLANG_WARN_NON_LITERAL_NULL_CONVERSION = YES;
				CLANG_WARN_OBJC_IMPLICIT_RETAIN_SELF = YES;
				CLANG_WARN_OBJC_LITERAL_CONVERSION = YES;
				CLANG_WARN_OBJC_ROOT_CLASS = YES_ERROR;
				CLANG_WARN_QUOTED_INCLUDE_IN_FRAMEWORK_HEADER = YES;
				CLANG_WARN_RANGE_LOOP_ANALYSIS = YES;
				CLANG_WARN_STRICT_PROTOTYPES = YES;
				CLANG_WARN_SUSPICIOUS_MOVE = YES;
				CLANG_WARN_UNGUARDED_AVAILABILITY = YES_AGGRESSIVE;
				CLANG_WARN_UNREACHABLE_CODE = YES;
				CLANG_WARN__DUPLICATE_METHOD_MATCH = YES;
				COPY_PHASE_STRIP = NO;
				DEBUG_INFORMATION_FORMAT = "dwarf-with-dsym";
				ENABLE_NS_ASSERTIONS = NO;
				ENABLE_STRICT_OBJC_MSGSEND = YES;
				ENABLE_USER_SCRIPT_SANDBOXING = YES;
				GCC_C_LANGUAGE_STANDARD = gnu17;
				GCC_NO_COMMON_BLOCKS = YES;
				GCC_WARN_64_TO_32_BIT_CONVERSION = YES;
				GCC_WARN_ABOUT_RETURN_TYPE = YES_ERROR;
				GCC_WARN_UNDECLARED_SELECTOR = YES;
				GCC_WARN_UNINITIALIZED_AUTOS = YES_AGGRESSIVE;
				GCC_WARN_UNUSED_FUNCTION = YES;
				GCC_WARN_UNUSED_VARIABLE = YES;
				IPHONEOS_DEPLOYMENT_TARGET = 17.5;
				LOCALIZATION_PREFERS_STRING_CATALOGS = YES;
				MTL_ENABLE_DEBUG_INFO = NO;
				MTL_FAST_MATH = YES;
				SDKROOT = iphoneos;
				SWIFT_COMPILATION_MODE = wholemodule;
				VALIDATE_PRODUCT = YES;
			};
			name = Release;
		};
		4698B6602CB690DD00014ADE /* Debug */ = {
			isa = XCBuildConfiguration;
			buildSettings = {
				ASSETCATALOG_COMPILER_APPICON_NAME = AppIcon;
				ASSETCATALOG_COMPILER_GLOBAL_ACCENT_COLOR_NAME = AccentColor;
				CODE_SIGN_STYLE = Automatic;
				CURRENT_PROJECT_VERSION = 1;
				DEVELOPMENT_ASSET_PATHS = "\"TaxiApp/Preview Content\"";
				DEVELOPMENT_TEAM = 8SBSSA37JJ;
				ENABLE_PREVIEWS = YES;
				GENERATE_INFOPLIST_FILE = YES;
				INFOPLIST_FILE = TaxiApp/Info.plist;
				INFOPLIST_KEY_UIApplicationSceneManifest_Generation = YES;
				INFOPLIST_KEY_UIApplicationSupportsIndirectInputEvents = YES;
				INFOPLIST_KEY_UILaunchScreen_Generation = YES;
				INFOPLIST_KEY_UISupportedInterfaceOrientations = UIInterfaceOrientationPortrait;
				INFOPLIST_KEY_UISupportedInterfaceOrientations_iPad = "UIInterfaceOrientationLandscapeLeft UIInterfaceOrientationLandscapeRight UIInterfaceOrientationPortrait UIInterfaceOrientationPortraitUpsideDown";
				IPHONEOS_DEPLOYMENT_TARGET = 14.0;
				LD_RUNPATH_SEARCH_PATHS = (
					"$(inherited)",
					"@executable_path/Frameworks",
				);
				MARKETING_VERSION = 1.0;
				PRODUCT_BUNDLE_IDENTIFIER = KhoanDoanVan.TaxiApp;
				PRODUCT_NAME = "$(TARGET_NAME)";
				SWIFT_EMIT_LOC_STRINGS = YES;
				SWIFT_VERSION = 5.0;
				TARGETED_DEVICE_FAMILY = "1,2";
			};
			name = Debug;
		};
		4698B6612CB690DD00014ADE /* Release */ = {
			isa = XCBuildConfiguration;
			buildSettings = {
				ASSETCATALOG_COMPILER_APPICON_NAME = AppIcon;
				ASSETCATALOG_COMPILER_GLOBAL_ACCENT_COLOR_NAME = AccentColor;
				CODE_SIGN_STYLE = Automatic;
				CURRENT_PROJECT_VERSION = 1;
				DEVELOPMENT_ASSET_PATHS = "\"TaxiApp/Preview Content\"";
				DEVELOPMENT_TEAM = 8SBSSA37JJ;
				ENABLE_PREVIEWS = YES;
				GENERATE_INFOPLIST_FILE = YES;
				INFOPLIST_FILE = TaxiApp/Info.plist;
				INFOPLIST_KEY_UIApplicationSceneManifest_Generation = YES;
				INFOPLIST_KEY_UIApplicationSupportsIndirectInputEvents = YES;
				INFOPLIST_KEY_UILaunchScreen_Generation = YES;
				INFOPLIST_KEY_UISupportedInterfaceOrientations = UIInterfaceOrientationPortrait;
				INFOPLIST_KEY_UISupportedInterfaceOrientations_iPad = "UIInterfaceOrientationLandscapeLeft UIInterfaceOrientationLandscapeRight UIInterfaceOrientationPortrait UIInterfaceOrientationPortraitUpsideDown";
				IPHONEOS_DEPLOYMENT_TARGET = 14.0;
				LD_RUNPATH_SEARCH_PATHS = (
					"$(inherited)",
					"@executable_path/Frameworks",
				);
				MARKETING_VERSION = 1.0;
				PRODUCT_BUNDLE_IDENTIFIER = KhoanDoanVan.TaxiApp;
				PRODUCT_NAME = "$(TARGET_NAME)";
				SWIFT_EMIT_LOC_STRINGS = YES;
				SWIFT_VERSION = 5.0;
				TARGETED_DEVICE_FAMILY = "1,2";
			};
			name = Release;
		};
/* End XCBuildConfiguration section */

/* Begin XCConfigurationList section */
		4698B64C2CB690DC00014ADE /* Build configuration list for PBXProject "TaxiApp" */ = {
			isa = XCConfigurationList;
			buildConfigurations = (
				4698B65D2CB690DD00014ADE /* Debug */,
				4698B65E2CB690DD00014ADE /* Release */,
			);
			defaultConfigurationIsVisible = 0;
			defaultConfigurationName = Release;
		};
		4698B65F2CB690DD00014ADE /* Build configuration list for PBXNativeTarget "TaxiApp" */ = {
			isa = XCConfigurationList;
			buildConfigurations = (
				4698B6602CB690DD00014ADE /* Debug */,
				4698B6612CB690DD00014ADE /* Release */,
			);
			defaultConfigurationIsVisible = 0;
			defaultConfigurationName = Release;
		};
/* End XCConfigurationList section */
	};
	rootObject = 4698B6492CB690DC00014ADE /* Project object */;
}
